
Microsoft Visual Studio Solution File, Format Version 12.00
# Visual Studio Version 16
VisualStudioVersion = 16.0.31729.503
MinimumVisualStudioVersion = 10.0.40219.1
Project("{FAE04EC0-301F-11D3-BF4B-00C04F79EFBC}") = "MyFirstEntityFramework", "MyFirstEntityFramework\MyFirstEntityFramework.csproj", "{0C4831B7-B72F-444D-BAB0-70AACB109ED4}"
EndProject
Global
	GlobalSection(SolutionConfigurationPlatforms) = preSolution
		Debug|Any CPU = Debug|Any CPU
		Release|Any CPU = Release|Any CPU
	EndGlobalSection
	GlobalSection(ProjectConfigurationPlatforms) = postSolution
		{0C4831B7-B72F-444D-BAB0-70AACB109ED4}.Debug|Any CPU.ActiveCfg = Debug|Any CPU
		{0C4831B7-B72F-444D-BAB0-70AACB109ED4}.Debug|Any CPU.Build.0 = Debug|Any CPU
		{0C4831B7-B72F-444D-BAB0-70AACB109ED4}.Release|Any CPU.ActiveCfg = Release|Any CPU
		{0C4831B7-B72F-444D-BAB0-70AACB109ED4}.Release|Any CPU.Build.0 = Release|Any CPU
	EndGlobalSection
	GlobalSection(SolutionProperties) = preSolution
		HideSolutionNode = FALSE
	EndGlobalSection
	GlobalSection(ExtensibilityGlobals) = postSolution
		SolutionGuid = {A61FDDAE-026F-4D5A-9815-3AC14D776A78}
	EndGlobalSection
EndGlobal
